
Microsoft Visual Studio Solution File, Format Version 12.00
# Visual Studio Version 16
VisualStudioVersion = 16.0.31205.134
MinimumVisualStudioVersion = 10.0.40219.1
Project("{FAE04EC0-301F-11D3-BF4B-00C04F79EFBC}") = "Warshall", "Warshall\Warshall.csproj", "{5951191F-32D5-4B14-9FB2-F4F2ADD6B31B}"
EndProject
Global
	GlobalSection(SolutionConfigurationPlatforms) = preSolution
		Debug|Any CPU = Debug|Any CPU
		Release|Any CPU = Release|Any CPU
	EndGlobalSection
	GlobalSection(ProjectConfigurationPlatforms) = postSolution
		{5951191F-32D5-4B14-9FB2-F4F2ADD6B31B}.Debug|Any CPU.ActiveCfg = Debug|Any CPU
		{5951191F-32D5-4B14-9FB2-F4F2ADD6B31B}.Debug|Any CPU.Build.0 = Debug|Any CPU
		{5951191F-32D5-4B14-9FB2-F4F2ADD6B31B}.Release|Any CPU.ActiveCfg = Release|Any CPU
		{5951191F-32D5-4B14-9FB2-F4F2ADD6B31B}.Release|Any CPU.Build.0 = Release|Any CPU
	EndGlobalSection
	GlobalSection(SolutionProperties) = preSolution
		HideSolutionNode = FALSE
	EndGlobalSection
	GlobalSection(ExtensibilityGlobals) = postSolution
		SolutionGuid = {34AA8ED8-C81A-480D-8C8F-1A05BD0C31BD}
	EndGlobalSection
EndGlobal
